
Microsoft Visual Studio Solution File, Format Version 12.00
# Visual Studio Version 17
VisualStudioVersion = 17.6.33723.286
MinimumVisualStudioVersion = 10.0.40219.1
Project("{8BC9CEB8-8B4A-11D0-8D11-00A0C91BC942}") = "DebugTools", "DebugTools\DebugTools.vcxproj", "{3603BFE9-3582-48B8-B7CF-B28EED9C378E}"
EndProject
Project("{8BC9CEB8-8B4A-11D0-8D11-00A0C91BC942}") = "Compiler", "Compiler\Compiler.vcxproj", "{ED117DAF-7B4C-4399-AA9C-BAA6F995A518}"
EndProject
Project("{2150E333-8FDC-42A3-9474-1A3956D46DE8}") = "Tests", "Tests", "{6974978B-75AB-4D24-BC54-1D5CEFAC0B43}"
EndProject
Project("{8BC9CEB8-8B4A-11D0-8D11-00A0C91BC942}") = "LexerTests", "Tests\LexerTests\LexerTests.vcxproj", "{1E775FCF-353B-49F5-B5E5-D68EEEC2459F}"
EndProject
Project("{8BC9CEB8-8B4A-11D0-8D11-00A0C91BC942}") = "SourceLocationTests", "Tests\SourceLocationTests\SourceLocationTests.vcxproj", "{3F7ACACD-B81B-4CD2-A4C5-0FAD195EA617}"
	ProjectSection(ProjectDependencies) = postProject
		{2BFDA352-3351-4C17-91ED-DAAF1841E043} = {2BFDA352-3351-4C17-91ED-DAAF1841E043}
	EndProjectSection
EndProject
Project("{8BC9CEB8-8B4A-11D0-8D11-00A0C91BC942}") = "ParserTests", "Tests\ParserTests\ParserTests.vcxproj", "{144F645F-38BA-4DD2-B37A-DBE6A6877C4A}"
EndProject
Project("{8BC9CEB8-8B4A-11D0-8D11-00A0C91BC942}") = "VirtualMachineTests", "Tests\VirtualMachineTests\VirtualMachineTests.vcxproj", "{EE6F3ABB-3A06-4580-AC3B-CAEB330D293A}"
EndProject
Project("{2150E333-8FDC-42A3-9474-1A3956D46DE8}") = "Data", "Data", "{6D1393A8-B1B8-496D-B5BE-429E711DE756}"
EndProject
Project("{2150E333-8FDC-42A3-9474-1A3956D46DE8}") = "Enum", "Enum", "{4557A6C9-434F-459C-8D4E-878C07A52A62}"
	ProjectSection(SolutionItems) = preProject
		Tests\Data\Enum\baseType1.in = Tests\Data\Enum\baseType1.in
		Tests\Data\Enum\baseType1.out_parse = Tests\Data\Enum\baseType1.out_parse
		Tests\Data\Enum\customValues1.in = Tests\Data\Enum\customValues1.in
		Tests\Data\Enum\customValues1.out_parse = Tests\Data\Enum\customValues1.out_parse
		Tests\Data\Enum\defaultValues1.in = Tests\Data\Enum\defaultValues1.in
		Tests\Data\Enum\defaultValues1.out_parse = Tests\Data\Enum\defaultValues1.out_parse
		Tests\Data\Enum\empty1.in = Tests\Data\Enum\empty1.in
		Tests\Data\Enum\empty1.out_parse = Tests\Data\Enum\empty1.out_parse
		Tests\Data\Enum\empty1.out_type = Tests\Data\Enum\empty1.out_type
		Tests\Data\Enum\valueAccess1.in = Tests\Data\Enum\valueAccess1.in
		Tests\Data\Enum\valueAccess1.out_parse = Tests\Data\Enum\valueAccess1.out_parse
	EndProjectSection
EndProject
Project("{2150E333-8FDC-42A3-9474-1A3956D46DE8}") = "Expressions", "Expressions", "{ED3682DF-D106-4B20-9CFD-59D88EF2D14B}"
	ProjectSection(SolutionItems) = preProject
		Tests\Data\Expressions\addition1.in = Tests\Data\Expressions\addition1.in
		Tests\Data\Expressions\addition1.out_parse = Tests\Data\Expressions\addition1.out_parse
		Tests\Data\Expressions\addition2.in = Tests\Data\Expressions\addition2.in
		Tests\Data\Expressions\addition2.out_parse = Tests\Data\Expressions\addition2.out_parse
		Tests\Data\Expressions\chaining1.in = Tests\Data\Expressions\chaining1.in
		Tests\Data\Expressions\chaining1.out_parse = Tests\Data\Expressions\chaining1.out_parse
		Tests\Data\Expressions\chaining2.in = Tests\Data\Expressions\chaining2.in
		Tests\Data\Expressions\chaining2.out_parse = Tests\Data\Expressions\chaining2.out_parse
		Tests\Data\Expressions\chaining3.in = Tests\Data\Expressions\chaining3.in
		Tests\Data\Expressions\chaining3.out_parse = Tests\Data\Expressions\chaining3.out_parse
		Tests\Data\Expressions\division1.in = Tests\Data\Expressions\division1.in
		Tests\Data\Expressions\division1.out_parse = Tests\Data\Expressions\division1.out_parse
		Tests\Data\Expressions\division2.in = Tests\Data\Expressions\division2.in
		Tests\Data\Expressions\division2.out_parse = Tests\Data\Expressions\division2.out_parse
		Tests\Data\Expressions\grouping1.in = Tests\Data\Expressions\grouping1.in
		Tests\Data\Expressions\grouping1.out_parse = Tests\Data\Expressions\grouping1.out_parse
		Tests\Data\Expressions\grouping2.in = Tests\Data\Expressions\grouping2.in
		Tests\Data\Expressions\grouping2.out_parse = Tests\Data\Expressions\grouping2.out_parse
		Tests\Data\Expressions\grouping3.in = Tests\Data\Expressions\grouping3.in
		Tests\Data\Expressions\grouping3.out_parse = Tests\Data\Expressions\grouping3.out_parse
		Tests\Data\Expressions\mixed1.in = Tests\Data\Expressions\mixed1.in
		Tests\Data\Expressions\mixed1.out_parse = Tests\Data\Expressions\mixed1.out_parse
		Tests\Data\Expressions\mixed2.in = Tests\Data\Expressions\mixed2.in
		Tests\Data\Expressions\mixed2.out_parse = Tests\Data\Expressions\mixed2.out_parse
		Tests\Data\Expressions\mixed3.in = Tests\Data\Expressions\mixed3.in
		Tests\Data\Expressions\mixed3.out_parse = Tests\Data\Expressions\mixed3.out_parse
		Tests\Data\Expressions\mixed4.in = Tests\Data\Expressions\mixed4.in
		Tests\Data\Expressions\mixed4.out_parse = Tests\Data\Expressions\mixed4.out_parse
		Tests\Data\Expressions\multiplication1.in = Tests\Data\Expressions\multiplication1.in
		Tests\Data\Expressions\multiplication1.out_parse = Tests\Data\Expressions\multiplication1.out_parse
		Tests\Data\Expressions\multiplication2.in = Tests\Data\Expressions\multiplication2.in
		Tests\Data\Expressions\multiplication2.out_parse = Tests\Data\Expressions\multiplication2.out_parse
		Tests\Data\Expressions\negation1.in = Tests\Data\Expressions\negation1.in
		Tests\Data\Expressions\negation1.out_parse = Tests\Data\Expressions\negation1.out_parse
		Tests\Data\Expressions\negation2.in = Tests\Data\Expressions\negation2.in
		Tests\Data\Expressions\negation2.out_parse = Tests\Data\Expressions\negation2.out_parse
		Tests\Data\Expressions\negation3.in = Tests\Data\Expressions\negation3.in
		Tests\Data\Expressions\negation3.out_parse = Tests\Data\Expressions\negation3.out_parse
		Tests\Data\Expressions\subtraction1.in = Tests\Data\Expressions\subtraction1.in
		Tests\Data\Expressions\subtraction1.out_parse = Tests\Data\Expressions\subtraction1.out_parse
		Tests\Data\Expressions\subtraction2.in = Tests\Data\Expressions\subtraction2.in
		Tests\Data\Expressions\subtraction2.out_parse = Tests\Data\Expressions\subtraction2.out_parse
	EndProjectSection
EndProject
Project("{2150E333-8FDC-42A3-9474-1A3956D46DE8}") = "FlowControl", "FlowControl", "{92551715-8977-47FF-A0B2-291D461479C5}"
	ProjectSection(SolutionItems) = preProject
		Tests\Data\FlowControl\if1.in = Tests\Data\FlowControl\if1.in
		Tests\Data\FlowControl\if1.out_parse = Tests\Data\FlowControl\if1.out_parse
		Tests\Data\FlowControl\return1.in = Tests\Data\FlowControl\return1.in
		Tests\Data\FlowControl\return1.out_parse = Tests\Data\FlowControl\return1.out_parse
		Tests\Data\FlowControl\return2.in = Tests\Data\FlowControl\return2.in
		Tests\Data\FlowControl\return2.out_parse = Tests\Data\FlowControl\return2.out_parse
		Tests\Data\FlowControl\return3.in = Tests\Data\FlowControl\return3.in
		Tests\Data\FlowControl\return3.out_parse = Tests\Data\FlowControl\return3.out_parse
		Tests\Data\FlowControl\while1.in = Tests\Data\FlowControl\while1.in
		Tests\Data\FlowControl\while1.out_parse = Tests\Data\FlowControl\while1.out_parse
	EndProjectSection
EndProject
Project("{2150E333-8FDC-42A3-9474-1A3956D46DE8}") = "Global", "Global", "{170649E9-BBB5-4D3A-881D-0701F74920A6}"
	ProjectSection(SolutionItems) = preProject
		Tests\Data\Global\assignment1.in = Tests\Data\Global\assignment1.in
		Tests\Data\Global\assignment1.out_parse = Tests\Data\Global\assignment1.out_parse
		Tests\Data\Global\assignment1.out_type = Tests\Data\Global\assignment1.out_type
		Tests\Data\Global\assignment2.in = Tests\Data\Global\assignment2.in
		Tests\Data\Global\assignment2.out_parse = Tests\Data\Global\assignment2.out_parse
		Tests\Data\Global\assignment2.out_type = Tests\Data\Global\assignment2.out_type
		Tests\Data\Global\assignment3.in = Tests\Data\Global\assignment3.in
		Tests\Data\Global\assignment3.out_parse = Tests\Data\Global\assignment3.out_parse
		Tests\Data\Global\assignment3.out_type = Tests\Data\Global\assignment3.out_type
		Tests\Data\Global\assignment4.in = Tests\Data\Global\assignment4.in
		Tests\Data\Global\assignment4.out_parse = Tests\Data\Global\assignment4.out_parse
		Tests\Data\Global\assignment4.out_type = Tests\Data\Global\assignment4.out_type
		Tests\Data\Global\assignment5.in = Tests\Data\Global\assignment5.in
		Tests\Data\Global\assignment5.out_parse = Tests\Data\Global\assignment5.out_parse
		Tests\Data\Global\assignment5.out_type = Tests\Data\Global\assignment5.out_type
		Tests\Data\Global\functionCall1.in = Tests\Data\Global\functionCall1.in
		Tests\Data\Global\functionCall1.out_parse = Tests\Data\Global\functionCall1.out_parse
		Tests\Data\Global\functionCall2.in = Tests\Data\Global\functionCall2.in
		Tests\Data\Global\functionCall2.out_parse = Tests\Data\Global\functionCall2.out_parse
		Tests\Data\Global\functionCall3.in = Tests\Data\Global\functionCall3.in
		Tests\Data\Global\functionCall3.out_parse = Tests\Data\Global\functionCall3.out_parse
		Tests\Data\Global\functionCall4.in = Tests\Data\Global\functionCall4.in
		Tests\Data\Global\functionCall4.out_parse = Tests\Data\Global\functionCall4.out_parse
		Tests\Data\Global\functionCall5.in = Tests\Data\Global\functionCall5.in
		Tests\Data\Global\functionCall5.out_parse = Tests\Data\Global\functionCall5.out_parse
		Tests\Data\Global\functionCall6.in = Tests\Data\Global\functionCall6.in
		Tests\Data\Global\functionCall6.out_parse = Tests\Data\Global\functionCall6.out_parse
		Tests\Data\Global\functionCall7.in = Tests\Data\Global\functionCall7.in
		Tests\Data\Global\functionCall7.out_parse = Tests\Data\Global\functionCall7.out_parse
		Tests\Data\Global\functionCall8.in = Tests\Data\Global\functionCall8.in
		Tests\Data\Global\functionCall8.out_parse = Tests\Data\Global\functionCall8.out_parse
		Tests\Data\Global\functionDefinition1.in = Tests\Data\Global\functionDefinition1.in
		Tests\Data\Global\functionDefinition1.out_parse = Tests\Data\Global\functionDefinition1.out_parse
		Tests\Data\Global\functionDefinition2.in = Tests\Data\Global\functionDefinition2.in
		Tests\Data\Global\functionDefinition2.out_parse = Tests\Data\Global\functionDefinition2.out_parse
		Tests\Data\Global\functionDefinition3.in = Tests\Data\Global\functionDefinition3.in
		Tests\Data\Global\functionDefinition3.out_parse = Tests\Data\Global\functionDefinition3.out_parse
		Tests\Data\Global\functionDefinition4.in = Tests\Data\Global\functionDefinition4.in
		Tests\Data\Global\functionDefinition4.out_parse = Tests\Data\Global\functionDefinition4.out_parse
	EndProjectSection
EndProject
Project("{2150E333-8FDC-42A3-9474-1A3956D46DE8}") = "Type", "Type", "{0E8FF76D-706A-4B6B-931D-583A0525AFC6}"
	ProjectSection(SolutionItems) = preProject
		Tests\Data\Type\empty1.in = Tests\Data\Type\empty1.in
		Tests\Data\Type\empty1.out_parse = Tests\Data\Type\empty1.out_parse
		Tests\Data\Type\fields1.in = Tests\Data\Type\fields1.in
		Tests\Data\Type\fields1.out_parse = Tests\Data\Type\fields1.out_parse
		Tests\Data\Type\fields2.in = Tests\Data\Type\fields2.in
		Tests\Data\Type\fields2.out_parse = Tests\Data\Type\fields2.out_parse
		Tests\Data\Type\method1.in = Tests\Data\Type\method1.in
		Tests\Data\Type\method1.out_parse = Tests\Data\Type\method1.out_parse
		Tests\Data\Type\method2.in = Tests\Data\Type\method2.in
		Tests\Data\Type\method2.out_parse = Tests\Data\Type\method2.out_parse
		Tests\Data\Type\method3.in = Tests\Data\Type\method3.in
		Tests\Data\Type\method3.out_parse = Tests\Data\Type\method3.out_parse
	EndProjectSection
EndProject
Project("{2150E333-8FDC-42A3-9474-1A3956D46DE8}") = "Variant", "Variant", "{04F82E58-B1F6-403B-BDBA-EFA646AE65AF}"
	ProjectSection(SolutionItems) = preProject
		Tests\Data\Variant\variant1.in = Tests\Data\Variant\variant1.in
	EndProjectSection
EndProject
Project("{8BC9CEB8-8B4A-11D0-8D11-00A0C91BC942}") = "AalTest", "AalTest\AalTest.vcxproj", "{2BFDA352-3351-4C17-91ED-DAAF1841E043}"
EndProject
Project("{8BC9CEB8-8B4A-11D0-8D11-00A0C91BC942}") = "AalTestTests", "Tests\AalTestTests\AalTestTests.vcxproj", "{59605C07-BF9C-4F3A-A593-51E12778BB9F}"
EndProject
Project("{8BC9CEB8-8B4A-11D0-8D11-00A0C91BC942}") = "AllInOne", "Tests\AllInOne\AllInOne.vcxproj", "{7B5E85F0-892A-4D90-8777-4A430D086303}"
EndProject
Project("{8BC9CEB8-8B4A-11D0-8D11-00A0C91BC942}") = "TypeCheckerTests", "Tests\TypeCheckerTests\TypeCheckerTests.vcxproj", "{5E4FC12C-5853-41D8-AFEC-BA359DE39E97}"
EndProject
Global
	GlobalSection(SolutionConfigurationPlatforms) = preSolution
		Debug|x64 = Debug|x64
		Debug|x86 = Debug|x86
		Release|x64 = Release|x64
		Release|x86 = Release|x86
	EndGlobalSection
	GlobalSection(ProjectConfigurationPlatforms) = postSolution
		{3603BFE9-3582-48B8-B7CF-B28EED9C378E}.Debug|x64.ActiveCfg = Debug|x64
		{3603BFE9-3582-48B8-B7CF-B28EED9C378E}.Debug|x64.Build.0 = Debug|x64
		{3603BFE9-3582-48B8-B7CF-B28EED9C378E}.Debug|x86.ActiveCfg = Debug|x64
		{3603BFE9-3582-48B8-B7CF-B28EED9C378E}.Debug|x86.Build.0 = Debug|x64
		{3603BFE9-3582-48B8-B7CF-B28EED9C378E}.Release|x64.ActiveCfg = Release|x64
		{3603BFE9-3582-48B8-B7CF-B28EED9C378E}.Release|x64.Build.0 = Release|x64
		{3603BFE9-3582-48B8-B7CF-B28EED9C378E}.Release|x86.ActiveCfg = Release|x64
		{3603BFE9-3582-48B8-B7CF-B28EED9C378E}.Release|x86.Build.0 = Release|x64
		{ED117DAF-7B4C-4399-AA9C-BAA6F995A518}.Debug|x64.ActiveCfg = Debug|x64
		{ED117DAF-7B4C-4399-AA9C-BAA6F995A518}.Debug|x64.Build.0 = Debug|x64
		{ED117DAF-7B4C-4399-AA9C-BAA6F995A518}.Debug|x86.ActiveCfg = Debug|x64
		{ED117DAF-7B4C-4399-AA9C-BAA6F995A518}.Debug|x86.Build.0 = Debug|x64
		{ED117DAF-7B4C-4399-AA9C-BAA6F995A518}.Release|x64.ActiveCfg = Release|x64
		{ED117DAF-7B4C-4399-AA9C-BAA6F995A518}.Release|x64.Build.0 = Release|x64
		{ED117DAF-7B4C-4399-AA9C-BAA6F995A518}.Release|x86.ActiveCfg = Release|x64
		{ED117DAF-7B4C-4399-AA9C-BAA6F995A518}.Release|x86.Build.0 = Release|x64
		{1E775FCF-353B-49F5-B5E5-D68EEEC2459F}.Debug|x64.ActiveCfg = Debug|x64
		{1E775FCF-353B-49F5-B5E5-D68EEEC2459F}.Debug|x64.Build.0 = Debug|x64
		{1E775FCF-353B-49F5-B5E5-D68EEEC2459F}.Debug|x86.ActiveCfg = Debug|x64
		{1E775FCF-353B-49F5-B5E5-D68EEEC2459F}.Debug|x86.Build.0 = Debug|x64
		{1E775FCF-353B-49F5-B5E5-D68EEEC2459F}.Release|x64.ActiveCfg = Release|x64
		{1E775FCF-353B-49F5-B5E5-D68EEEC2459F}.Release|x64.Build.0 = Release|x64
		{1E775FCF-353B-49F5-B5E5-D68EEEC2459F}.Release|x86.ActiveCfg = Release|x64
		{1E775FCF-353B-49F5-B5E5-D68EEEC2459F}.Release|x86.Build.0 = Release|x64
		{3F7ACACD-B81B-4CD2-A4C5-0FAD195EA617}.Debug|x64.ActiveCfg = Debug|x64
		{3F7ACACD-B81B-4CD2-A4C5-0FAD195EA617}.Debug|x64.Build.0 = Debug|x64
		{3F7ACACD-B81B-4CD2-A4C5-0FAD195EA617}.Debug|x86.ActiveCfg = Debug|x64
		{3F7ACACD-B81B-4CD2-A4C5-0FAD195EA617}.Debug|x86.Build.0 = Debug|x64
		{3F7ACACD-B81B-4CD2-A4C5-0FAD195EA617}.Release|x64.ActiveCfg = Release|x64
		{3F7ACACD-B81B-4CD2-A4C5-0FAD195EA617}.Release|x64.Build.0 = Release|x64
		{3F7ACACD-B81B-4CD2-A4C5-0FAD195EA617}.Release|x86.ActiveCfg = Release|x64
		{3F7ACACD-B81B-4CD2-A4C5-0FAD195EA617}.Release|x86.Build.0 = Release|x64
		{144F645F-38BA-4DD2-B37A-DBE6A6877C4A}.Debug|x64.ActiveCfg = Debug|x64
		{144F645F-38BA-4DD2-B37A-DBE6A6877C4A}.Debug|x64.Build.0 = Debug|x64
		{144F645F-38BA-4DD2-B37A-DBE6A6877C4A}.Debug|x86.ActiveCfg = Debug|x64
		{144F645F-38BA-4DD2-B37A-DBE6A6877C4A}.Debug|x86.Build.0 = Debug|x64
		{144F645F-38BA-4DD2-B37A-DBE6A6877C4A}.Release|x64.ActiveCfg = Release|x64
		{144F645F-38BA-4DD2-B37A-DBE6A6877C4A}.Release|x64.Build.0 = Release|x64
		{144F645F-38BA-4DD2-B37A-DBE6A6877C4A}.Release|x86.ActiveCfg = Release|x64
		{144F645F-38BA-4DD2-B37A-DBE6A6877C4A}.Release|x86.Build.0 = Release|x64
		{EE6F3ABB-3A06-4580-AC3B-CAEB330D293A}.Debug|x64.ActiveCfg = Debug|x64
		{EE6F3ABB-3A06-4580-AC3B-CAEB330D293A}.Debug|x64.Build.0 = Debug|x64
		{EE6F3ABB-3A06-4580-AC3B-CAEB330D293A}.Debug|x86.ActiveCfg = Debug|Win32
		{EE6F3ABB-3A06-4580-AC3B-CAEB330D293A}.Debug|x86.Build.0 = Debug|Win32
		{EE6F3ABB-3A06-4580-AC3B-CAEB330D293A}.Release|x64.ActiveCfg = Release|x64
		{EE6F3ABB-3A06-4580-AC3B-CAEB330D293A}.Release|x64.Build.0 = Release|x64
		{EE6F3ABB-3A06-4580-AC3B-CAEB330D293A}.Release|x86.ActiveCfg = Release|Win32
		{EE6F3ABB-3A06-4580-AC3B-CAEB330D293A}.Release|x86.Build.0 = Release|Win32
		{2BFDA352-3351-4C17-91ED-DAAF1841E043}.Debug|x64.ActiveCfg = Debug|x64
		{2BFDA352-3351-4C17-91ED-DAAF1841E043}.Debug|x64.Build.0 = Debug|x64
		{2BFDA352-3351-4C17-91ED-DAAF1841E043}.Debug|x86.ActiveCfg = Debug|Win32
		{2BFDA352-3351-4C17-91ED-DAAF1841E043}.Debug|x86.Build.0 = Debug|Win32
		{2BFDA352-3351-4C17-91ED-DAAF1841E043}.Release|x64.ActiveCfg = Release|x64
		{2BFDA352-3351-4C17-91ED-DAAF1841E043}.Release|x64.Build.0 = Release|x64
		{2BFDA352-3351-4C17-91ED-DAAF1841E043}.Release|x86.ActiveCfg = Release|Win32
		{2BFDA352-3351-4C17-91ED-DAAF1841E043}.Release|x86.Build.0 = Release|Win32
		{59605C07-BF9C-4F3A-A593-51E12778BB9F}.Debug|x64.ActiveCfg = Debug|x64
		{59605C07-BF9C-4F3A-A593-51E12778BB9F}.Debug|x64.Build.0 = Debug|x64
		{59605C07-BF9C-4F3A-A593-51E12778BB9F}.Debug|x86.ActiveCfg = Debug|Win32
		{59605C07-BF9C-4F3A-A593-51E12778BB9F}.Debug|x86.Build.0 = Debug|Win32
		{59605C07-BF9C-4F3A-A593-51E12778BB9F}.Release|x64.ActiveCfg = Release|x64
		{59605C07-BF9C-4F3A-A593-51E12778BB9F}.Release|x64.Build.0 = Release|x64
		{59605C07-BF9C-4F3A-A593-51E12778BB9F}.Release|x86.ActiveCfg = Release|Win32
		{59605C07-BF9C-4F3A-A593-51E12778BB9F}.Release|x86.Build.0 = Release|Win32
		{7B5E85F0-892A-4D90-8777-4A430D086303}.Debug|x64.ActiveCfg = Debug|x64
		{7B5E85F0-892A-4D90-8777-4A430D086303}.Debug|x64.Build.0 = Debug|x64
		{7B5E85F0-892A-4D90-8777-4A430D086303}.Debug|x86.ActiveCfg = Debug|Win32
		{7B5E85F0-892A-4D90-8777-4A430D086303}.Debug|x86.Build.0 = Debug|Win32
		{7B5E85F0-892A-4D90-8777-4A430D086303}.Release|x64.ActiveCfg = Release|x64
		{7B5E85F0-892A-4D90-8777-4A430D086303}.Release|x64.Build.0 = Release|x64
		{7B5E85F0-892A-4D90-8777-4A430D086303}.Release|x86.ActiveCfg = Release|Win32
		{7B5E85F0-892A-4D90-8777-4A430D086303}.Release|x86.Build.0 = Release|Win32
		{5E4FC12C-5853-41D8-AFEC-BA359DE39E97}.Debug|x64.ActiveCfg = Debug|x64
		{5E4FC12C-5853-41D8-AFEC-BA359DE39E97}.Debug|x64.Build.0 = Debug|x64
		{5E4FC12C-5853-41D8-AFEC-BA359DE39E97}.Debug|x86.ActiveCfg = Debug|Win32
		{5E4FC12C-5853-41D8-AFEC-BA359DE39E97}.Debug|x86.Build.0 = Debug|Win32
		{5E4FC12C-5853-41D8-AFEC-BA359DE39E97}.Release|x64.ActiveCfg = Release|x64
		{5E4FC12C-5853-41D8-AFEC-BA359DE39E97}.Release|x64.Build.0 = Release|x64
		{5E4FC12C-5853-41D8-AFEC-BA359DE39E97}.Release|x86.ActiveCfg = Release|Win32
		{5E4FC12C-5853-41D8-AFEC-BA359DE39E97}.Release|x86.Build.0 = Release|Win32
	EndGlobalSection
	GlobalSection(SolutionProperties) = preSolution
		HideSolutionNode = FALSE
	EndGlobalSection
	GlobalSection(NestedProjects) = preSolution
		{1E775FCF-353B-49F5-B5E5-D68EEEC2459F} = {6974978B-75AB-4D24-BC54-1D5CEFAC0B43}
		{3F7ACACD-B81B-4CD2-A4C5-0FAD195EA617} = {6974978B-75AB-4D24-BC54-1D5CEFAC0B43}
		{144F645F-38BA-4DD2-B37A-DBE6A6877C4A} = {6974978B-75AB-4D24-BC54-1D5CEFAC0B43}
		{EE6F3ABB-3A06-4580-AC3B-CAEB330D293A} = {6974978B-75AB-4D24-BC54-1D5CEFAC0B43}
		{6D1393A8-B1B8-496D-B5BE-429E711DE756} = {6974978B-75AB-4D24-BC54-1D5CEFAC0B43}
		{4557A6C9-434F-459C-8D4E-878C07A52A62} = {6D1393A8-B1B8-496D-B5BE-429E711DE756}
		{ED3682DF-D106-4B20-9CFD-59D88EF2D14B} = {6D1393A8-B1B8-496D-B5BE-429E711DE756}
		{92551715-8977-47FF-A0B2-291D461479C5} = {6D1393A8-B1B8-496D-B5BE-429E711DE756}
		{170649E9-BBB5-4D3A-881D-0701F74920A6} = {6D1393A8-B1B8-496D-B5BE-429E711DE756}
		{0E8FF76D-706A-4B6B-931D-583A0525AFC6} = {6D1393A8-B1B8-496D-B5BE-429E711DE756}
		{04F82E58-B1F6-403B-BDBA-EFA646AE65AF} = {6D1393A8-B1B8-496D-B5BE-429E711DE756}
		{59605C07-BF9C-4F3A-A593-51E12778BB9F} = {6974978B-75AB-4D24-BC54-1D5CEFAC0B43}
		{7B5E85F0-892A-4D90-8777-4A430D086303} = {6974978B-75AB-4D24-BC54-1D5CEFAC0B43}
		{5E4FC12C-5853-41D8-AFEC-BA359DE39E97} = {6974978B-75AB-4D24-BC54-1D5CEFAC0B43}
	EndGlobalSection
	GlobalSection(ExtensibilityGlobals) = postSolution
		SolutionGuid = {E593283B-C065-428C-9D9B-9D66363C3215}
	EndGlobalSection
EndGlobal
