<?xml version="1.0" encoding="utf-8"?>
<Project ToolsVersion="4.0" xmlns="http://schemas.microsoft.com/developer/msbuild/2003">
  <ItemGroup>
    <Filter Include="Source Files">
      <UniqueIdentifier>{4FC737F1-C7A5-4376-A066-2A32D752A2FF}</UniqueIdentifier>
      <Extensions>qml;cpp;c;cc;cxx;def;odl;idl;hpj;bat;asm;asmx</Extensions>
    </Filter>
    <Filter Include="Header Files">
      <UniqueIdentifier>{93995380-89BD-4b04-88EB-625FBE52EBFB}</UniqueIdentifier>
      <Extensions>h;hh;hpp;hxx;hm;inl;inc;xsd</Extensions>
    </Filter>
  </ItemGroup>
  <ItemGroup>
    <ClInclude Include="include\Compiler\CompilerApi.h">
      <Filter>Header Files</Filter>
    </ClInclude>
    <ClCompile Include="source\Compiler.cpp">
      <Filter>Source Files</Filter>
    </ClCompile>
    <ClInclude Include="include\Compiler\Lexer.h">
      <Filter>Header Files</Filter>
    </ClInclude>
    <ClInclude Include="include\Compiler\Compiler.h">
      <Filter>Header Files</Filter>
    </ClInclude>
    <ClInclude Include="include\Compiler\SourceText.h">
      <Filter>Header Files</Filter>
    </ClInclude>
    <ClInclude Include="include\Compiler\Token.h">
      <Filter>Header Files</Filter>
    </ClInclude>
    <ClInclude Include="include\Compiler\TokenKind.h">
      <Filter>Header Files</Filter>
    </ClInclude>
    <ClInclude Include="include\Compiler\SourceLocation.h">
      <Filter>Header Files</Filter>
    </ClInclude>
    <ClInclude Include="include\Compiler\LexerResult.h">
      <Filter>Header Files</Filter>
    </ClInclude>
    <ClInclude Include="include\Compiler\DiagnosticLevel.h">
      <Filter>Header Files</Filter>
    </ClInclude>
    <ClInclude Include="include\Compiler\DiagnosticKind.h">
      <Filter>Header Files</Filter>
    </ClInclude>
    <ClInclude Include="include\Compiler\Diagnostic.h">
      <Filter>Header Files</Filter>
    </ClInclude>
    <ClInclude Include="include\Compiler\DiagnosticsBag.h">
      <Filter>Header Files</Filter>
    </ClInclude>
  </ItemGroup>
  <ItemGroup>
    <ClCompile Include="source\Lexer.cpp">
      <Filter>Source Files</Filter>
    </ClCompile>
    <ClCompile Include="source\SourceText.cpp">
      <Filter>Source Files</Filter>
    </ClCompile>
    <ClCompile Include="source\Token.cpp">
      <Filter>Source Files</Filter>
    </ClCompile>
    <ClCompile Include="source\SourceLocation.cpp">
      <Filter>Source Files</Filter>
    </ClCompile>
    <ClCompile Include="source\LexerResult.cpp">
      <Filter>Source Files</Filter>
    </ClCompile>
    <ClCompile Include="source\Diagnostic.cpp">
      <Filter>Source Files</Filter>
    </ClCompile>
    <ClCompile Include="source\DiagnosticsBag.cpp">
      <Filter>Source Files</Filter>
    </ClCompile>
  </ItemGroup>
</Project>