<?xml version="1.0" encoding="utf-8"?>
<Project ToolsVersion="4.0" xmlns="http://schemas.microsoft.com/developer/msbuild/2003">
  <ItemGroup>
    <Filter Include="Source Files">
      <UniqueIdentifier>{4FC737F1-C7A5-4376-A066-2A32D752A2FF}</UniqueIdentifier>
      <Extensions>qml;cpp;c;cc;cxx;def;odl;idl;hpj;bat;asm;asmx</Extensions>
    </Filter>
    <Filter Include="Header Files">
      <UniqueIdentifier>{93995380-89BD-4b04-88EB-625FBE52EBFB}</UniqueIdentifier>
      <Extensions>h;hh;hpp;hxx;hm;inl;inc;xsd</Extensions>
    </Filter>
  </ItemGroup>
  <ItemGroup>
    <ClCompile Include="source\Compiler\DiagnosticsBag.cpp">
      <Filter>Source Files</Filter>
    </ClCompile>
    <ClCompile Include="source\Syntax\TokenBuffer.cpp">
      <Filter>Source Files</Filter>
    </ClCompile>
    <ClCompile Include="source\Text\SourceText.cpp">
      <Filter>Source Files</Filter>
    </ClCompile>
    <ClCompile Include="source\Syntax\Lexer.cpp">
      <Filter>Source Files</Filter>
    </ClCompile>
    <ClCompile Include="source\Syntax\TokenKind.cpp">
      <Filter>Source Files</Filter>
    </ClCompile>
    <ClCompile Include="source\Compiler\Compiler.cpp">
      <Filter>Source Files</Filter>
    </ClCompile>
    <ClCompile Include="source\Syntax\Parser.cpp">
      <Filter>Source Files</Filter>
    </ClCompile>
    <ClCompile Include="source\Syntax\ParseTree.cpp">
      <Filter>Source Files</Filter>
    </ClCompile>
    <ClCompile Include="source\Syntax\Node.cpp">
      <Filter>Source Files</Filter>
    </ClCompile>
    <ClCompile Include="source\Debug\ParseTreePrinter.cpp">
      <Filter>Source Files</Filter>
    </ClCompile>
    <ClCompile Include="source\Compiler\File.cpp">
      <Filter>Source Files</Filter>
    </ClCompile>
    <ClCompile Include="source\VirtualMachine\VM.cpp">
      <Filter>Source Files</Filter>
    </ClCompile>
    <ClCompile Include="source\VirtualMachine\ByteCode.cpp">
      <Filter>Source Files</Filter>
    </ClCompile>
    <ClCompile Include="source\VirtualMachine\ByteCodeGenerator.cpp">
      <Filter>Source Files</Filter>
    </ClCompile>
    <ClCompile Include="source\VirtualMachine\Value.cpp">
      <Filter>Source Files</Filter>
    </ClCompile>
    <ClCompile Include="source\VirtualMachine\ByteCodeAssembler.cpp">
      <Filter>Source Files</Filter>
    </ClCompile>
    <ClCompile Include="source\Debug\ByteCodeDisassembler.cpp">
      <Filter>Source Files</Filter>
    </ClCompile>
    <ClCompile Include="source\VirtualMachine\FunctionCallLocation.cpp">
      <Filter>Source Files</Filter>
    </ClCompile>
    <ClCompile Include="source\VirtualMachine\Register.cpp">
      <Filter>Source Files</Filter>
    </ClCompile>
    <ClCompile Include="source\VirtualMachine\Op.cpp">
      <Filter>Source Files</Filter>
    </ClCompile>
    <ClCompile Include="source\VirtualMachine\Label.cpp">
      <Filter>Source Files</Filter>
    </ClCompile>
    <ClCompile Include="source\VirtualMachine\JumpIndex.cpp">
      <Filter>Source Files</Filter>
    </ClCompile>
    <ClCompile Include="source\Syntax\Statement.cpp">
      <Filter>Source Files</Filter>
    </ClCompile>
    <ClCompile Include="source\Syntax\Expression.cpp">
      <Filter>Source Files</Filter>
    </ClCompile>
    <ClCompile Include="source\Syntax\NameExpression.cpp">
      <Filter>Source Files</Filter>
    </ClCompile>
    <ClCompile Include="source\Syntax\TypeName.cpp">
      <Filter>Source Files</Filter>
    </ClCompile>
    <ClCompile Include="source\Syntax\ArgumentNode.cpp">
      <Filter>Source Files</Filter>
    </ClCompile>
    <ClCompile Include="source\Syntax\FieldDeclarationStatement.cpp">
      <Filter>Source Files</Filter>
    </ClCompile>
    <ClCompile Include="source\Syntax\AssignmentStatement.cpp">
      <Filter>Source Files</Filter>
    </ClCompile>
    <ClCompile Include="source\Syntax\ParameterNode.cpp">
      <Filter>Source Files</Filter>
    </ClCompile>
    <ClCompile Include="source\Syntax\ExpressionStatement.cpp">
      <Filter>Source Files</Filter>
    </ClCompile>
    <ClCompile Include="source\Syntax\BlockNode.cpp">
      <Filter>Source Files</Filter>
    </ClCompile>
    <ClCompile Include="source\Syntax\IfStatement.cpp">
      <Filter>Source Files</Filter>
    </ClCompile>
    <ClCompile Include="source\Syntax\WhileStatement.cpp">
      <Filter>Source Files</Filter>
    </ClCompile>
    <ClCompile Include="source\Syntax\ReturnStatement.cpp">
      <Filter>Source Files</Filter>
    </ClCompile>
    <ClCompile Include="source\Syntax\DiscardLiteral.cpp">
      <Filter>Source Files</Filter>
    </ClCompile>
    <ClCompile Include="source\Syntax\GroupingExpression.cpp">
      <Filter>Source Files</Filter>
    </ClCompile>
    <ClCompile Include="source\Syntax\UnaryExpression.cpp">
      <Filter>Source Files</Filter>
    </ClCompile>
    <ClCompile Include="source\Syntax\BinaryExpression.cpp">
      <Filter>Source Files</Filter>
    </ClCompile>
    <ClCompile Include="source\Syntax\MemberAccessExpression.cpp">
      <Filter>Source Files</Filter>
    </ClCompile>
    <ClCompile Include="source\Syntax\ScopeAccessExpression.cpp">
      <Filter>Source Files</Filter>
    </ClCompile>
    <ClCompile Include="source\Syntax\ParametersNode.cpp">
      <Filter>Source Files</Filter>
    </ClCompile>
    <ClCompile Include="source\Syntax\ArgumentsNode.cpp">
      <Filter>Source Files</Filter>
    </ClCompile>
    <ClCompile Include="source\Syntax\FunctionDefinitionStatement.cpp">
      <Filter>Source Files</Filter>
    </ClCompile>
    <ClCompile Include="source\Syntax\EnumDefinitionStatement.cpp">
      <Filter>Source Files</Filter>
    </ClCompile>
    <ClCompile Include="source\Syntax\BoolLiteral.cpp">
      <Filter>Source Files</Filter>
    </ClCompile>
    <ClCompile Include="source\Syntax\NumberLiteral.cpp">
      <Filter>Source Files</Filter>
    </ClCompile>
    <ClCompile Include="source\Syntax\EnumFieldDefinitionStatement.cpp">
      <Filter>Source Files</Filter>
    </ClCompile>
    <ClCompile Include="source\Syntax\Error.cpp">
      <Filter>Source Files</Filter>
    </ClCompile>
    <ClCompile Include="source\Syntax\FunctionCallExpression.cpp">
      <Filter>Source Files</Filter>
    </ClCompile>
    <ClCompile Include="source\Syntax\MethodDefinitionStatement.cpp">
      <Filter>Source Files</Filter>
    </ClCompile>
    <ClCompile Include="source\Syntax\TypeDefinitionStatement.cpp">
      <Filter>Source Files</Filter>
    </ClCompile>
    <ClCompile Include="source\Syntax\NodeKind.cpp">
      <Filter>Source Files</Filter>
    </ClCompile>
    <ClCompile Include="source\Debug\TypedTreePrinter.cpp">
      <Filter>Source Files</Filter>
    </ClCompile>
    <ClCompile Include="source\Debug\BasePrinter.cpp">
      <Filter>Source Files</Filter>
    </ClCompile>
    <ClCompile Include="source\Semantic\TypeChecker.cpp">
      <Filter>Source Files</Filter>
    </ClCompile>
    <ClCompile Include="source\Semantic\TypedTree.cpp">
      <Filter>Source Files</Filter>
    </ClCompile>
    <ClCompile Include="source\Semantic\TypedNode.cpp">
      <Filter>Source Files</Filter>
    </ClCompile>
    <ClCompile Include="source\Semantic\Scope.cpp">
      <Filter>Source Files</Filter>
    </ClCompile>
    <ClCompile Include="source\Semantic\TypeDatabase.cpp">
      <Filter>Source Files</Filter>
    </ClCompile>
    <ClCompile Include="source\Semantic\TypedGlobalValue.cpp">
      <Filter>Source Files</Filter>
    </ClCompile>
    <ClCompile Include="source\Semantic\I32Literal.cpp">
      <Filter>Source Files</Filter>
    </ClCompile>
    <ClCompile Include="source\Semantic\TypedAssignmentStatement.cpp">
      <Filter>Source Files</Filter>
    </ClCompile>
    <ClCompile Include="source\Semantic\TypedStatement.cpp">
      <Filter>Source Files</Filter>
    </ClCompile>
    <ClCompile Include="source\Semantic\TypedExpression.cpp">
      <Filter>Source Files</Filter>
    </ClCompile>
    <ClCompile Include="source\Semantic\Type.cpp">
      <Filter>Source Files</Filter>
    </ClCompile>
    <ClCompile Include="source\Semantic\TypeDefinition.cpp">
      <Filter>Source Files</Filter>
    </ClCompile>
    <ClCompile Include="source\Semantic\TypedFunctionCallExpression.cpp">
      <Filter>Source Files</Filter>
    </ClCompile>
    <ClCompile Include="source\Semantic\Discard.cpp">
      <Filter>Source Files</Filter>
    </ClCompile>
    <ClCompile Include="source\Semantic\TypedEnumDefinitionStatement.cpp">
      <Filter>Source Files</Filter>
    </ClCompile>
    <ClCompile Include="source\Semantic\TypedFieldDefinitionNode.cpp">
      <Filter>Source Files</Filter>
    </ClCompile>
    <ClCompile Include="source\Semantic\U8Literal.cpp">
      <Filter>Source Files</Filter>
    </ClCompile>
    <ClCompile Include="source\Semantic\Field.cpp">
      <Filter>Source Files</Filter>
    </ClCompile>
    <ClCompile Include="source\Semantic\TypedEnumFieldAccessExpression.cpp">
      <Filter>Source Files</Filter>
    </ClCompile>
    <ClCompile Include="source\Semantic\TypedNegationExpression.cpp">
      <Filter>Source Files</Filter>
    </ClCompile>
    <ClCompile Include="source\Semantic\TypedTypeDefinitionStatement.cpp">
      <Filter>Source Files</Filter>
    </ClCompile>
    <ClCompile Include="source\Semantic\TypedBinaryExpression.cpp">
      <Filter>Source Files</Filter>
    </ClCompile>
    <ClCompile Include="source\Semantic\TypedFunctionDefinitionStatement.cpp">
      <Filter>Source Files</Filter>
    </ClCompile>
    <ClCompile Include="source\Semantic\TypedReturnStatement.cpp">
      <Filter>Source Files</Filter>
    </ClCompile>
    <ClCompile Include="source\Semantic\TypedVariable.cpp">
      <Filter>Source Files</Filter>
    </ClCompile>
  </ItemGroup>
  <ItemGroup>
    <ClInclude Include="source\Compiler\DiagnosticsBag.h">
      <Filter>Header Files</Filter>
    </ClInclude>
    <ClInclude Include="source\Compiler\Diagnostic.h">
      <Filter>Header Files</Filter>
    </ClInclude>
    <ClInclude Include="source\Compiler\DiagnosticKind.h">
      <Filter>Header Files</Filter>
    </ClInclude>
    <ClInclude Include="source\Compiler\DiagnosticLevel.h">
      <Filter>Header Files</Filter>
    </ClInclude>
    <ClInclude Include="source\Syntax\Lexer.h">
      <Filter>Header Files</Filter>
    </ClInclude>
    <ClInclude Include="source\Defines.h">
      <Filter>Header Files</Filter>
    </ClInclude>
    <ClInclude Include="source\Compiler\Compiler.h">
      <Filter>Header Files</Filter>
    </ClInclude>
    <ClInclude Include="source\Text\SourceLocation.h">
      <Filter>Header Files</Filter>
    </ClInclude>
    <ClInclude Include="source\Text\SourceText.h">
      <Filter>Header Files</Filter>
    </ClInclude>
    <ClInclude Include="source\Syntax\Token.h">
      <Filter>Header Files</Filter>
    </ClInclude>
    <ClInclude Include="source\Syntax\TokenBuffer.h">
      <Filter>Header Files</Filter>
    </ClInclude>
    <ClInclude Include="source\Syntax\TokenKind.h">
      <Filter>Header Files</Filter>
    </ClInclude>
    <ClInclude Include="source\Syntax\Parser.h">
      <Filter>Header Files</Filter>
    </ClInclude>
    <ClInclude Include="source\Syntax\ParseTree.h">
      <Filter>Header Files</Filter>
    </ClInclude>
    <ClInclude Include="source\Syntax\Node.h">
      <Filter>Header Files</Filter>
    </ClInclude>
    <ClInclude Include="source\Debug\ParseTreePrinter.h">
      <Filter>Header Files</Filter>
    </ClInclude>
    <ClInclude Include="source\Compiler\File.h">
      <Filter>Header Files</Filter>
    </ClInclude>
    <ClInclude Include="source\VirtualMachine\VM.h">
      <Filter>Header Files</Filter>
    </ClInclude>
    <ClInclude Include="source\VirtualMachine\Register.h">
      <Filter>Header Files</Filter>
    </ClInclude>
    <ClInclude Include="source\VirtualMachine\ByteCode.h">
      <Filter>Header Files</Filter>
    </ClInclude>
    <ClInclude Include="source\VirtualMachine\ByteCodeGenerator.h">
      <Filter>Header Files</Filter>
    </ClInclude>
    <ClInclude Include="source\VirtualMachine\Value.h">
      <Filter>Header Files</Filter>
    </ClInclude>
    <ClInclude Include="source\VirtualMachine\ByteCodeAssembler.h">
      <Filter>Header Files</Filter>
    </ClInclude>
    <ClInclude Include="source\VirtualMachine\Label.h">
      <Filter>Header Files</Filter>
    </ClInclude>
    <ClInclude Include="source\Debug\ByteCodeDisassembler.h">
      <Filter>Header Files</Filter>
    </ClInclude>
    <ClInclude Include="source\VirtualMachine\FunctionDeclaration.h">
      <Filter>Header Files</Filter>
    </ClInclude>
    <ClInclude Include="source\VirtualMachine\FunctionCallLocation.h">
      <Filter>Header Files</Filter>
    </ClInclude>
    <ClInclude Include="source\VirtualMachine\Op.h">
      <Filter>Header Files</Filter>
    </ClInclude>
    <ClInclude Include="source\VirtualMachine\CallFrame.h">
      <Filter>Header Files</Filter>
    </ClInclude>
    <ClInclude Include="source\VirtualMachine\JumpIndex.h">
      <Filter>Header Files</Filter>
    </ClInclude>
    <ClInclude Include="source\Syntax\Statement.h">
      <Filter>Header Files</Filter>
    </ClInclude>
    <ClInclude Include="source\Syntax\Expression.h">
      <Filter>Header Files</Filter>
    </ClInclude>
    <ClInclude Include="source\Syntax\NameExpression.h">
      <Filter>Header Files</Filter>
    </ClInclude>
    <ClInclude Include="source\Syntax\TypeName.h">
      <Filter>Header Files</Filter>
    </ClInclude>
    <ClInclude Include="source\Syntax\ParameterNode.h">
      <Filter>Header Files</Filter>
    </ClInclude>
    <ClInclude Include="source\Syntax\ArgumentNode.h">
      <Filter>Header Files</Filter>
    </ClInclude>
    <ClInclude Include="source\Syntax\FieldDeclarationStatement.h">
      <Filter>Header Files</Filter>
    </ClInclude>
    <ClInclude Include="source\Syntax\AssignmentStatement.h">
      <Filter>Header Files</Filter>
    </ClInclude>
    <ClInclude Include="source\Syntax\ExpressionStatement.h">
      <Filter>Header Files</Filter>
    </ClInclude>
    <ClInclude Include="source\Syntax\BlockNode.h">
      <Filter>Header Files</Filter>
    </ClInclude>
    <ClInclude Include="source\Syntax\IfStatement.h">
      <Filter>Header Files</Filter>
    </ClInclude>
    <ClInclude Include="source\Syntax\WhileStatement.h">
      <Filter>Header Files</Filter>
    </ClInclude>
    <ClInclude Include="source\Syntax\ReturnStatement.h">
      <Filter>Header Files</Filter>
    </ClInclude>
    <ClInclude Include="source\Syntax\DiscardLiteral.h">
      <Filter>Header Files</Filter>
    </ClInclude>
    <ClInclude Include="source\Syntax\GroupingExpression.h">
      <Filter>Header Files</Filter>
    </ClInclude>
    <ClInclude Include="source\Syntax\UnaryExpression.h">
      <Filter>Header Files</Filter>
    </ClInclude>
    <ClInclude Include="source\Syntax\BinaryExpression.h">
      <Filter>Header Files</Filter>
    </ClInclude>
    <ClInclude Include="source\Syntax\MemberAccessExpression.h">
      <Filter>Header Files</Filter>
    </ClInclude>
    <ClInclude Include="source\Syntax\ScopeAccessExpression.h">
      <Filter>Header Files</Filter>
    </ClInclude>
    <ClInclude Include="source\Syntax\ParametersNode.h">
      <Filter>Header Files</Filter>
    </ClInclude>
    <ClInclude Include="source\Syntax\ArgumentsNode.h">
      <Filter>Header Files</Filter>
    </ClInclude>
    <ClInclude Include="source\Syntax\FunctionCallExpression.h">
      <Filter>Header Files</Filter>
    </ClInclude>
    <ClInclude Include="source\Syntax\FunctionDefinitionStatement.h">
      <Filter>Header Files</Filter>
    </ClInclude>
    <ClInclude Include="source\Syntax\MethodDefinitionStatement.h">
      <Filter>Header Files</Filter>
    </ClInclude>
    <ClInclude Include="source\Syntax\EnumDefinitionStatement.h">
      <Filter>Header Files</Filter>
    </ClInclude>
    <ClInclude Include="source\Syntax\TypeDefinitionStatement.h">
      <Filter>Header Files</Filter>
    </ClInclude>
    <ClInclude Include="source\Syntax\BoolLiteral.h">
      <Filter>Header Files</Filter>
    </ClInclude>
    <ClInclude Include="source\Syntax\NumberLiteral.h">
      <Filter>Header Files</Filter>
    </ClInclude>
    <ClInclude Include="source\Syntax\EnumFieldDefinitionStatement.h">
      <Filter>Header Files</Filter>
    </ClInclude>
    <ClInclude Include="source\Syntax\Error.h">
      <Filter>Header Files</Filter>
    </ClInclude>
    <ClInclude Include="source\Syntax\NodeKind.h">
      <Filter>Header Files</Filter>
    </ClInclude>
    <ClInclude Include="source\Debug\TypedTreePrinter.h">
      <Filter>Header Files</Filter>
    </ClInclude>
    <ClInclude Include="source\Debug\BasePrinter.h">
      <Filter>Header Files</Filter>
    </ClInclude>
    <ClInclude Include="source\Semantic\TypeChecker.h">
      <Filter>Header Files</Filter>
    </ClInclude>
    <ClInclude Include="source\Semantic\TypedTree.h">
      <Filter>Header Files</Filter>
    </ClInclude>
    <ClInclude Include="source\Semantic\TypedNode.h">
      <Filter>Header Files</Filter>
    </ClInclude>
    <ClInclude Include="source\Semantic\Scope.h">
      <Filter>Header Files</Filter>
    </ClInclude>
    <ClInclude Include="source\Semantic\TypeDatabase.h">
      <Filter>Header Files</Filter>
    </ClInclude>
    <ClInclude Include="source\Semantic\TypedGlobalValue.h">
      <Filter>Header Files</Filter>
    </ClInclude>
    <ClInclude Include="source\Semantic\I32Literal.h">
      <Filter>Header Files</Filter>
    </ClInclude>
    <ClInclude Include="source\Semantic\TypedAssignmentStatement.h">
      <Filter>Header Files</Filter>
    </ClInclude>
    <ClInclude Include="source\Semantic\TypedStatement.h">
      <Filter>Header Files</Filter>
    </ClInclude>
    <ClInclude Include="source\Semantic\TypedExpression.h">
      <Filter>Header Files</Filter>
    </ClInclude>
    <ClInclude Include="source\Semantic\Type.h">
      <Filter>Header Files</Filter>
    </ClInclude>
    <ClInclude Include="source\Semantic\TypeCheckerOptions.h">
      <Filter>Header Files</Filter>
    </ClInclude>
    <ClInclude Include="source\Semantic\TypeDefinition.h">
      <Filter>Header Files</Filter>
    </ClInclude>
    <ClInclude Include="source\Semantic\TypedFunctionCallExpression.h">
      <Filter>Header Files</Filter>
    </ClInclude>
    <ClInclude Include="source\Semantic\Discard.h">
      <Filter>Header Files</Filter>
    </ClInclude>
    <ClInclude Include="source\Semantic\TypedEnumDefinitionStatement.h">
      <Filter>Header Files</Filter>
    </ClInclude>
    <ClInclude Include="source\Semantic\TypedFieldDefinitionNode.h">
      <Filter>Header Files</Filter>
    </ClInclude>
    <ClInclude Include="source\Semantic\U8Literal.h">
      <Filter>Header Files</Filter>
    </ClInclude>
    <ClInclude Include="source\Semantic\Field.h">
      <Filter>Header Files</Filter>
    </ClInclude>
    <ClInclude Include="source\Semantic\TypedEnumFieldAccessExpression.h">
      <Filter>Header Files</Filter>
    </ClInclude>
    <ClInclude Include="source\Semantic\TypedNegationExpression.h">
      <Filter>Header Files</Filter>
    </ClInclude>
    <ClInclude Include="source\Semantic\TypedTypeDefinitionStatement.h">
      <Filter>Header Files</Filter>
    </ClInclude>
    <ClInclude Include="source\Semantic\TypedBinaryExpression.h">
      <Filter>Header Files</Filter>
    </ClInclude>
    <ClInclude Include="source\Semantic\TypedFunctionDefinitionStatement.h">
      <Filter>Header Files</Filter>
    </ClInclude>
    <ClInclude Include="source\Semantic\TypedReturnStatement.h">
      <Filter>Header Files</Filter>
    </ClInclude>
    <ClInclude Include="source\Semantic\TypedVariable.h">
      <Filter>Header Files</Filter>
    </ClInclude>
  </ItemGroup>
  <ItemGroup>
    <None Include="cpp.hint" />
  </ItemGroup>
</Project>