<?xml version="1.0" encoding="utf-8"?>
<Project ToolsVersion="4.0" xmlns="http://schemas.microsoft.com/developer/msbuild/2003">
  <ItemGroup>
    <Filter Include="Source Files">
      <UniqueIdentifier>{4FC737F1-C7A5-4376-A066-2A32D752A2FF}</UniqueIdentifier>
      <Extensions>qml;cpp;c;cc;cxx;def;odl;idl;hpj;bat;asm;asmx</Extensions>
    </Filter>
    <Filter Include="Header Files">
      <UniqueIdentifier>{93995380-89BD-4b04-88EB-625FBE52EBFB}</UniqueIdentifier>
      <Extensions>h;hh;hpp;hxx;hm;inl;inc;xsd</Extensions>
    </Filter>
  </ItemGroup>
  <ItemGroup>
    <ClCompile Include="source\Compiler\DiagnosticsBag.cpp">
      <Filter>Source Files</Filter>
    </ClCompile>
    <ClCompile Include="source\Syntax\TokenBuffer.cpp">
      <Filter>Source Files</Filter>
    </ClCompile>
    <ClCompile Include="source\Text\SourceText.cpp">
      <Filter>Source Files</Filter>
    </ClCompile>
    <ClCompile Include="source\Syntax\Lexer.cpp">
      <Filter>Source Files</Filter>
    </ClCompile>
    <ClCompile Include="source\Syntax\TokenKind.cpp">
      <Filter>Source Files</Filter>
    </ClCompile>
    <ClCompile Include="source\Compiler\Compiler.cpp">
      <Filter>Source Files</Filter>
    </ClCompile>
    <ClCompile Include="source\Syntax\Parser.cpp">
      <Filter>Source Files</Filter>
    </ClCompile>
    <ClCompile Include="source\Syntax\ParseTree.cpp">
      <Filter>Source Files</Filter>
    </ClCompile>
    <ClCompile Include="source\Syntax\Node.cpp">
      <Filter>Source Files</Filter>
    </ClCompile>
    <ClCompile Include="source\Debug\ParseTreePrinter.cpp">
      <Filter>Source Files</Filter>
    </ClCompile>
    <ClCompile Include="source\Compiler\File.cpp">
      <Filter>Source Files</Filter>
    </ClCompile>
    <ClCompile Include="source\VirtualMachine\VM.cpp">
      <Filter>Source Files</Filter>
    </ClCompile>
    <ClCompile Include="source\VirtualMachine\ByteCode.cpp">
      <Filter>Source Files</Filter>
    </ClCompile>
    <ClCompile Include="source\VirtualMachine\ByteCodeGenerator.cpp">
      <Filter>Source Files</Filter>
    </ClCompile>
    <ClCompile Include="source\VirtualMachine\Value.cpp">
      <Filter>Source Files</Filter>
    </ClCompile>
    <ClCompile Include="source\VirtualMachine\ByteCodeAssembler.cpp">
      <Filter>Source Files</Filter>
    </ClCompile>
    <ClCompile Include="source\Debug\ByteCodeDisassembler.cpp">
      <Filter>Source Files</Filter>
    </ClCompile>
    <ClCompile Include="source\VirtualMachine\FunctionCallLocation.cpp">
      <Filter>Source Files</Filter>
    </ClCompile>
    <ClCompile Include="source\VirtualMachine\Register.cpp">
      <Filter>Source Files</Filter>
    </ClCompile>
    <ClCompile Include="source\VirtualMachine\Op.cpp">
      <Filter>Source Files</Filter>
    </ClCompile>
    <ClCompile Include="source\VirtualMachine\Label.cpp">
      <Filter>Source Files</Filter>
    </ClCompile>
    <ClCompile Include="source\VirtualMachine\JumpTarget.cpp">
      <Filter>Source Files</Filter>
    </ClCompile>
  </ItemGroup>
  <ItemGroup>
    <ClInclude Include="source\Compiler\DiagnosticsBag.h">
      <Filter>Header Files</Filter>
    </ClInclude>
    <ClInclude Include="source\Compiler\Diagnostic.h">
      <Filter>Header Files</Filter>
    </ClInclude>
    <ClInclude Include="source\Compiler\DiagnosticKind.h">
      <Filter>Header Files</Filter>
    </ClInclude>
    <ClInclude Include="source\Compiler\DiagnosticLevel.h">
      <Filter>Header Files</Filter>
    </ClInclude>
    <ClInclude Include="source\Syntax\Lexer.h">
      <Filter>Header Files</Filter>
    </ClInclude>
    <ClInclude Include="source\Defines.h">
      <Filter>Header Files</Filter>
    </ClInclude>
    <ClInclude Include="source\Compiler\Compiler.h">
      <Filter>Header Files</Filter>
    </ClInclude>
    <ClInclude Include="source\Text\SourceLocation.h">
      <Filter>Header Files</Filter>
    </ClInclude>
    <ClInclude Include="source\Text\SourceText.h">
      <Filter>Header Files</Filter>
    </ClInclude>
    <ClInclude Include="source\Syntax\Token.h">
      <Filter>Header Files</Filter>
    </ClInclude>
    <ClInclude Include="source\Syntax\TokenBuffer.h">
      <Filter>Header Files</Filter>
    </ClInclude>
    <ClInclude Include="source\Syntax\TokenKind.h">
      <Filter>Header Files</Filter>
    </ClInclude>
    <ClInclude Include="source\Syntax\Parser.h">
      <Filter>Header Files</Filter>
    </ClInclude>
    <ClInclude Include="source\Syntax\ParseTree.h">
      <Filter>Header Files</Filter>
    </ClInclude>
    <ClInclude Include="source\Syntax\Node.h">
      <Filter>Header Files</Filter>
    </ClInclude>
    <ClInclude Include="source\Debug\ParseTreePrinter.h">
      <Filter>Header Files</Filter>
    </ClInclude>
    <ClInclude Include="source\Compiler\File.h">
      <Filter>Header Files</Filter>
    </ClInclude>
    <ClInclude Include="source\VirtualMachine\VM.h">
      <Filter>Header Files</Filter>
    </ClInclude>
    <ClInclude Include="source\VirtualMachine\Register.h">
      <Filter>Header Files</Filter>
    </ClInclude>
    <ClInclude Include="source\VirtualMachine\ByteCode.h">
      <Filter>Header Files</Filter>
    </ClInclude>
    <ClInclude Include="source\VirtualMachine\ByteCodeGenerator.h">
      <Filter>Header Files</Filter>
    </ClInclude>
    <ClInclude Include="source\VirtualMachine\Value.h">
      <Filter>Header Files</Filter>
    </ClInclude>
    <ClInclude Include="source\VirtualMachine\ByteCodeAssembler.h">
      <Filter>Header Files</Filter>
    </ClInclude>
    <ClInclude Include="source\VirtualMachine\Label.h">
      <Filter>Header Files</Filter>
    </ClInclude>
    <ClInclude Include="source\Debug\ByteCodeDisassembler.h">
      <Filter>Header Files</Filter>
    </ClInclude>
    <ClInclude Include="source\VirtualMachine\FunctionDeclaration.h">
      <Filter>Header Files</Filter>
    </ClInclude>
    <ClInclude Include="source\VirtualMachine\FunctionCallLocation.h">
      <Filter>Header Files</Filter>
    </ClInclude>
    <ClInclude Include="source\VirtualMachine\Op.h">
      <Filter>Header Files</Filter>
    </ClInclude>
    <ClInclude Include="source\VirtualMachine\CallFrame.h">
      <Filter>Header Files</Filter>
    </ClInclude>
    <ClInclude Include="source\VirtualMachine\JumpTarget.h">
      <Filter>Header Files</Filter>
    </ClInclude>
  </ItemGroup>
</Project>