<?xml version="1.0" encoding="utf-8"?>
<Project ToolsVersion="4.0" xmlns="http://schemas.microsoft.com/developer/msbuild/2003">
  <ItemGroup>
    <Filter Include="Source Files">
      <UniqueIdentifier>{4FC737F1-C7A5-4376-A066-2A32D752A2FF}</UniqueIdentifier>
      <Extensions>qml;cpp;c;cc;cxx;def;odl;idl;hpj;bat;asm;asmx</Extensions>
    </Filter>
    <Filter Include="Header Files">
      <UniqueIdentifier>{93995380-89BD-4b04-88EB-625FBE52EBFB}</UniqueIdentifier>
      <Extensions>h;hh;hpp;hxx;hm;inl;inc;xsd</Extensions>
    </Filter>
  </ItemGroup>
  <ItemGroup>
    <QtMoc Include="source\ParserTests.cpp">
      <Filter>Source Files</Filter>
    </QtMoc>
  </ItemGroup>
  <ItemGroup>
    <None Include="data\Global\assignment1.in" />
    <None Include="data\Global\assignment1.out" />
    <None Include="data\Global\assignment2.in" />
    <None Include="data\Global\assignment2.out" />
    <None Include="data\Global\assignment3.in" />
    <None Include="data\Global\assignment3.out" />
    <None Include="data\Global\functionCall1.in" />
    <None Include="data\Global\functionCall1.out" />
    <None Include="data\Global\functionDefinition1.in" />
    <None Include="data\Global\functionDefinition1.out" />
    <None Include="data\Global\functionDefinition2.in" />
    <None Include="data\Global\functionDefinition2.out" />
    <None Include="data\Global\assignments5.in" />
    <None Include="data\Global\assignments5.out" />
    <None Include="data\Type\empty1.in" />
    <None Include="data\Type\fields2.in" />
    <None Include="data\Type\fields1.in" />
    <None Include="data\Global\assignment4.in" />
    <None Include="data\Type\empty1.out" />
    <None Include="data\Type\fields1.out" />
    <None Include="data\Global\assignment4.out" />
    <None Include="data\Type\fields2.out" />
    <None Include="data\Type\method1.in" />
    <None Include="data\Type\method2.in" />
    <None Include="data\Type\method3.in" />
    <None Include="data\Type\method1.out" />
    <None Include="data\Type\method2.out" />
    <None Include="data\Type\method3-todo.out" />
    <None Include="data\Enum\empty1.in" />
    <None Include="data\Enum\defaultValues1.in" />
    <None Include="data\Enum\customValues1.in" />
    <None Include="data\Variant\variant1.in" />
    <None Include="data\Expressions\addition1.in" />
    <None Include="data\Expressions\addition2.in" />
    <None Include="data\Expressions\subtraction1.in" />
    <None Include="data\Expressions\subtraction2.in" />
    <None Include="data\Expressions\multiplication1.in" />
    <None Include="data\Expressions\multiplication2.in" />
    <None Include="data\Expressions\division1.in" />
    <None Include="data\Expressions\division2.in" />
    <None Include="data\Expressions\mixed1.in" />
    <None Include="data\Expressions\mixed2.in" />
    <None Include="data\Expressions\mixed3.in" />
    <None Include="data\Expressions\mixed4.in" />
    <None Include="data\Expressions\grouping1.in" />
    <None Include="data\Expressions\grouping2.in" />
    <None Include="data\Enum\baseType.in" />
  </ItemGroup>
</Project>